
Microsoft Visual Studio Solution File, Format Version 12.00
# Visual Studio Version 17
VisualStudioVersion = 17.0.31903.59
MinimumVisualStudioVersion = 10.0.40219.1
Project("{FAE04EC0-301F-11D3-BF4B-00C04F79EFBC}") = "GymCore.Api", "GymCore.Api\GymCore.Api.csproj", "{94937C49-C834-40EA-9D94-89C693D3F98B}"
EndProject
Project("{FAE04EC0-301F-11D3-BF4B-00C04F79EFBC}") = "GymCore.Domain", "GymCore.Domain\GymCore.Domain.csproj", "{9DA2E07A-B3B3-451B-8036-A6ACEF05C5FF}"
EndProject
Project("{FAE04EC0-301F-11D3-BF4B-00C04F79EFBC}") = "GymCore.Infrastructure", "GymCore.Infrastructure\GymCore.Infrastructure.csproj", "{16398ABD-3DDC-43C0-9B6E-5475827D4E09}"
EndProject
Project("{FAE04EC0-301F-11D3-BF4B-00C04F79EFBC}") = "GymCore.Application", "GymCore.Application\GymCore.Application.csproj", "{131D6C69-2A52-455D-9F93-68206A738CE2}"
EndProject
Global
	GlobalSection(SolutionConfigurationPlatforms) = preSolution
		Debug|Any CPU = Debug|Any CPU
		Debug|x64 = Debug|x64
		Debug|x86 = Debug|x86
		Release|Any CPU = Release|Any CPU
		Release|x64 = Release|x64
		Release|x86 = Release|x86
	EndGlobalSection
	GlobalSection(ProjectConfigurationPlatforms) = postSolution
		{94937C49-C834-40EA-9D94-89C693D3F98B}.Debug|Any CPU.ActiveCfg = Debug|Any CPU
		{94937C49-C834-40EA-9D94-89C693D3F98B}.Debug|Any CPU.Build.0 = Debug|Any CPU
		{94937C49-C834-40EA-9D94-89C693D3F98B}.Debug|x64.ActiveCfg = Debug|Any CPU
		{94937C49-C834-40EA-9D94-89C693D3F98B}.Debug|x64.Build.0 = Debug|Any CPU
		{94937C49-C834-40EA-9D94-89C693D3F98B}.Debug|x86.ActiveCfg = Debug|Any CPU
		{94937C49-C834-40EA-9D94-89C693D3F98B}.Debug|x86.Build.0 = Debug|Any CPU
		{94937C49-C834-40EA-9D94-89C693D3F98B}.Release|Any CPU.ActiveCfg = Release|Any CPU
		{94937C49-C834-40EA-9D94-89C693D3F98B}.Release|Any CPU.Build.0 = Release|Any CPU
		{94937C49-C834-40EA-9D94-89C693D3F98B}.Release|x64.ActiveCfg = Release|Any CPU
		{94937C49-C834-40EA-9D94-89C693D3F98B}.Release|x64.Build.0 = Release|Any CPU
		{94937C49-C834-40EA-9D94-89C693D3F98B}.Release|x86.ActiveCfg = Release|Any CPU
		{94937C49-C834-40EA-9D94-89C693D3F98B}.Release|x86.Build.0 = Release|Any CPU
		{9DA2E07A-B3B3-451B-8036-A6ACEF05C5FF}.Debug|Any CPU.ActiveCfg = Debug|Any CPU
		{9DA2E07A-B3B3-451B-8036-A6ACEF05C5FF}.Debug|Any CPU.Build.0 = Debug|Any CPU
		{9DA2E07A-B3B3-451B-8036-A6ACEF05C5FF}.Debug|x64.ActiveCfg = Debug|Any CPU
		{9DA2E07A-B3B3-451B-8036-A6ACEF05C5FF}.Debug|x64.Build.0 = Debug|Any CPU
		{9DA2E07A-B3B3-451B-8036-A6ACEF05C5FF}.Debug|x86.ActiveCfg = Debug|Any CPU
		{9DA2E07A-B3B3-451B-8036-A6ACEF05C5FF}.Debug|x86.Build.0 = Debug|Any CPU
		{9DA2E07A-B3B3-451B-8036-A6ACEF05C5FF}.Release|Any CPU.ActiveCfg = Release|Any CPU
		{9DA2E07A-B3B3-451B-8036-A6ACEF05C5FF}.Release|Any CPU.Build.0 = Release|Any CPU
		{9DA2E07A-B3B3-451B-8036-A6ACEF05C5FF}.Release|x64.ActiveCfg = Release|Any CPU
		{9DA2E07A-B3B3-451B-8036-A6ACEF05C5FF}.Release|x64.Build.0 = Release|Any CPU
		{9DA2E07A-B3B3-451B-8036-A6ACEF05C5FF}.Release|x86.ActiveCfg = Release|Any CPU
		{9DA2E07A-B3B3-451B-8036-A6ACEF05C5FF}.Release|x86.Build.0 = Release|Any CPU
		{16398ABD-3DDC-43C0-9B6E-5475827D4E09}.Debug|Any CPU.ActiveCfg = Debug|Any CPU
		{16398ABD-3DDC-43C0-9B6E-5475827D4E09}.Debug|Any CPU.Build.0 = Debug|Any CPU
		{16398ABD-3DDC-43C0-9B6E-5475827D4E09}.Debug|x64.ActiveCfg = Debug|Any CPU
		{16398ABD-3DDC-43C0-9B6E-5475827D4E09}.Debug|x64.Build.0 = Debug|Any CPU
		{16398ABD-3DDC-43C0-9B6E-5475827D4E09}.Debug|x86.ActiveCfg = Debug|Any CPU
		{16398ABD-3DDC-43C0-9B6E-5475827D4E09}.Debug|x86.Build.0 = Debug|Any CPU
		{16398ABD-3DDC-43C0-9B6E-5475827D4E09}.Release|Any CPU.ActiveCfg = Release|Any CPU
		{16398ABD-3DDC-43C0-9B6E-5475827D4E09}.Release|Any CPU.Build.0 = Release|Any CPU
		{16398ABD-3DDC-43C0-9B6E-5475827D4E09}.Release|x64.ActiveCfg = Release|Any CPU
		{16398ABD-3DDC-43C0-9B6E-5475827D4E09}.Release|x64.Build.0 = Release|Any CPU
		{16398ABD-3DDC-43C0-9B6E-5475827D4E09}.Release|x86.ActiveCfg = Release|Any CPU
		{16398ABD-3DDC-43C0-9B6E-5475827D4E09}.Release|x86.Build.0 = Release|Any CPU
		{131D6C69-2A52-455D-9F93-68206A738CE2}.Debug|Any CPU.ActiveCfg = Debug|Any CPU
		{131D6C69-2A52-455D-9F93-68206A738CE2}.Debug|Any CPU.Build.0 = Debug|Any CPU
		{131D6C69-2A52-455D-9F93-68206A738CE2}.Debug|x64.ActiveCfg = Debug|Any CPU
		{131D6C69-2A52-455D-9F93-68206A738CE2}.Debug|x64.Build.0 = Debug|Any CPU
		{131D6C69-2A52-455D-9F93-68206A738CE2}.Debug|x86.ActiveCfg = Debug|Any CPU
		{131D6C69-2A52-455D-9F93-68206A738CE2}.Debug|x86.Build.0 = Debug|Any CPU
		{131D6C69-2A52-455D-9F93-68206A738CE2}.Release|Any CPU.ActiveCfg = Release|Any CPU
		{131D6C69-2A52-455D-9F93-68206A738CE2}.Release|Any CPU.Build.0 = Release|Any CPU
		{131D6C69-2A52-455D-9F93-68206A738CE2}.Release|x64.ActiveCfg = Release|Any CPU
		{131D6C69-2A52-455D-9F93-68206A738CE2}.Release|x64.Build.0 = Release|Any CPU
		{131D6C69-2A52-455D-9F93-68206A738CE2}.Release|x86.ActiveCfg = Release|Any CPU
		{131D6C69-2A52-455D-9F93-68206A738CE2}.Release|x86.Build.0 = Release|Any CPU
	EndGlobalSection
	GlobalSection(SolutionProperties) = preSolution
		HideSolutionNode = FALSE
	EndGlobalSection
EndGlobal
